{
  "requires": true,
  "lockfileVersion": 1,
  "dependencies": {
    "chart.js": {
      "version": "4.0.1",
      "resolved": "https://registry.npmjs.org/chart.js/-/chart.js-4.0.1.tgz",
      "integrity": "sha512-5/8/9eBivwBZK81mKvmIwTb2Pmw4D/5h1RK9fBWZLLZ8mCJ+kfYNmV9rMrGoa5Hgy2/wVDBMLSUDudul2/9ihA=="
    },
    "chartjs-adapter-date-fns": {
      "version": "2.0.1",
      "resolved": "https://registry.npmjs.org/chartjs-adapter-date-fns/-/chartjs-adapter-date-fns-2.0.1.tgz",
      "integrity": "sha512-v3WV9rdnQ05ce3A0ZCjzUekJCAbfm6+3HqSoeY2BIkdMYZoYr/4T+ril1tZyDl869lz6xdNVMXejUFT9YKpw4A==",
      "optional": true
    },
    "chartkick": {
      "version": "4.2.0",
      "resolved": "https://registry.npmjs.org/chartkick/-/chartkick-4.2.0.tgz",
      "integrity": "sha512-7yYZyxeFhOh/LA7gc1VwDFgc6t4ZM9RrbBjgb4dJoFukk2+94QkK0yulYI2OUH1cjcfrf1qmj04FkjZx7kZDeg==",
      "requires": {
        "chart.js": ">=3.0.2",
        "chartjs-adapter-date-fns": ">=2.0.0",
        "date-fns": ">=2.0.0"
      }
    },
    "date-fns": {
      "version": "2.29.3",
      "resolved": "https://registry.npmjs.org/date-fns/-/date-fns-2.29.3.tgz",
      "integrity": "sha512-dDCnyH2WnnKusqvZZ6+jA1O51Ibt8ZMRNkDZdyAyK4YfbDwa/cEmuztzG5pk6hqlp9aSBPYcjOlktquahGwGeA==",
      "optional": true
    }
  }
}
